
Microsoft Visual Studio Solution File, Format Version 12.00
# Visual Studio 15
VisualStudioVersion = 15.0.27130.2027
MinimumVisualStudioVersion = 10.0.40219.1
Project("{FAE04EC0-301F-11D3-BF4B-00C04F79EFBC}") = "KATAA", "KATAA\KATAA.csproj", "{148E082C-22F7-4680-A388-DFDE12E2D10E}"
EndProject
Global
	GlobalSection(SolutionConfigurationPlatforms) = preSolution
		Debug|Any CPU = Debug|Any CPU
		Release|Any CPU = Release|Any CPU
	EndGlobalSection
	GlobalSection(ProjectConfigurationPlatforms) = postSolution
		{148E082C-22F7-4680-A388-DFDE12E2D10E}.Debug|Any CPU.ActiveCfg = Debug|Any CPU
		{148E082C-22F7-4680-A388-DFDE12E2D10E}.Debug|Any CPU.Build.0 = Debug|Any CPU
		{148E082C-22F7-4680-A388-DFDE12E2D10E}.Release|Any CPU.ActiveCfg = Release|Any CPU
		{148E082C-22F7-4680-A388-DFDE12E2D10E}.Release|Any CPU.Build.0 = Release|Any CPU
	EndGlobalSection
	GlobalSection(SolutionProperties) = preSolution
		HideSolutionNode = FALSE
	EndGlobalSection
	GlobalSection(ExtensibilityGlobals) = postSolution
		SolutionGuid = {0D3BF818-3E29-42E2-BFCA-D1DFC02F7004}
	EndGlobalSection
EndGlobal
